
Microsoft Visual Studio Solution File, Format Version 12.00
# Visual Studio Version 17
VisualStudioVersion = 17.2.32630.192
MinimumVisualStudioVersion = 10.0.40219.1
Project("{9A19103F-16F7-4668-BE54-9A1E7A4F7556}") = "mvc1", "mvc1.csproj", "{0B10070C-97D1-4618-849D-109112035B5F}"
EndProject
Global
	GlobalSection(SolutionConfigurationPlatforms) = preSolution
		Debug|Any CPU = Debug|Any CPU
		Release|Any CPU = Release|Any CPU
	EndGlobalSection
	GlobalSection(ProjectConfigurationPlatforms) = postSolution
		{0B10070C-97D1-4618-849D-109112035B5F}.Debug|Any CPU.ActiveCfg = Debug|Any CPU
		{0B10070C-97D1-4618-849D-109112035B5F}.Debug|Any CPU.Build.0 = Debug|Any CPU
		{0B10070C-97D1-4618-849D-109112035B5F}.Release|Any CPU.ActiveCfg = Release|Any CPU
		{0B10070C-97D1-4618-849D-109112035B5F}.Release|Any CPU.Build.0 = Release|Any CPU
	EndGlobalSection
	GlobalSection(SolutionProperties) = preSolution
		HideSolutionNode = FALSE
	EndGlobalSection
	GlobalSection(ExtensibilityGlobals) = postSolution
		SolutionGuid = {79A94C2B-19C1-4437-97D3-16BC2691F63A}
	EndGlobalSection
EndGlobal
